
Microsoft Visual Studio Solution File, Format Version 12.00
# Visual Studio 15
VisualStudioVersion = 15.0.28307.271
MinimumVisualStudioVersion = 10.0.40219.1
Project("{9A19103F-16F7-4668-BE54-9A1E7A4F7556}") = "MSDI.NamedServiceExtensionsDemo", "MSDI.NamedServiceExtensionsDemo\MSDI.NamedServiceExtensionsDemo.csproj", "{8F2AF255-7D23-43A6-9EF9-DB21081750CB}"
EndProject
Project("{9A19103F-16F7-4668-BE54-9A1E7A4F7556}") = "MSDI.NamedServiceExtensions", "MSDI.NamedServiceExtensions\MSDI.NamedServiceExtensions.csproj", "{C0A48F03-8043-4644-9317-22E8A35D613A}"
EndProject
Project("{FAE04EC0-301F-11D3-BF4B-00C04F79EFBC}") = "MSDI.NamedServiceExtensions.Tests", "..\test\MSDI.NamedServiceExtensions.Tests\MSDI.NamedServiceExtensions.Tests.csproj", "{8217F0E2-B73F-48A4-BE4F-C8DEDE013F40}"
EndProject
Global
	GlobalSection(SolutionConfigurationPlatforms) = preSolution
		Debug|Any CPU = Debug|Any CPU
		Release|Any CPU = Release|Any CPU
	EndGlobalSection
	GlobalSection(ProjectConfigurationPlatforms) = postSolution
		{8F2AF255-7D23-43A6-9EF9-DB21081750CB}.Debug|Any CPU.ActiveCfg = Debug|Any CPU
		{8F2AF255-7D23-43A6-9EF9-DB21081750CB}.Debug|Any CPU.Build.0 = Debug|Any CPU
		{8F2AF255-7D23-43A6-9EF9-DB21081750CB}.Release|Any CPU.ActiveCfg = Release|Any CPU
		{8F2AF255-7D23-43A6-9EF9-DB21081750CB}.Release|Any CPU.Build.0 = Release|Any CPU
		{C0A48F03-8043-4644-9317-22E8A35D613A}.Debug|Any CPU.ActiveCfg = Debug|Any CPU
		{C0A48F03-8043-4644-9317-22E8A35D613A}.Debug|Any CPU.Build.0 = Debug|Any CPU
		{C0A48F03-8043-4644-9317-22E8A35D613A}.Release|Any CPU.ActiveCfg = Release|Any CPU
		{C0A48F03-8043-4644-9317-22E8A35D613A}.Release|Any CPU.Build.0 = Release|Any CPU
		{8217F0E2-B73F-48A4-BE4F-C8DEDE013F40}.Debug|Any CPU.ActiveCfg = Debug|Any CPU
		{8217F0E2-B73F-48A4-BE4F-C8DEDE013F40}.Debug|Any CPU.Build.0 = Debug|Any CPU
		{8217F0E2-B73F-48A4-BE4F-C8DEDE013F40}.Release|Any CPU.ActiveCfg = Release|Any CPU
		{8217F0E2-B73F-48A4-BE4F-C8DEDE013F40}.Release|Any CPU.Build.0 = Release|Any CPU
	EndGlobalSection
	GlobalSection(SolutionProperties) = preSolution
		HideSolutionNode = FALSE
	EndGlobalSection
	GlobalSection(ExtensibilityGlobals) = postSolution
		SolutionGuid = {C5505FE6-1CEA-4388-AE5A-F1371A72A99B}
	EndGlobalSection
EndGlobal
